// !$*UTF8*$!
{
	archiveVersion = 1;
	classes = {
	};
	objectVersion = 55;
	objects = {

/* Begin PBXBuildFile section */
		53D565AE2742F4650090D6D7 /* AppDelegate.swift in Sources */ = {isa = PBXBuildFile; fileRef = 53D565AD2742F4650090D6D7 /* AppDelegate.swift */; };
		53D565B02742F4650090D6D7 /* SceneDelegate.swift in Sources */ = {isa = PBXBuildFile; fileRef = 53D565AF2742F4650090D6D7 /* SceneDelegate.swift */; };
		53D565B72742F4660090D6D7 /* Assets.xcassets in Resources */ = {isa = PBXBuildFile; fileRef = 53D565B62742F4660090D6D7 /* Assets.xcassets */; };
		53D565BA2742F4660090D6D7 /* LaunchScreen.storyboard in Resources */ = {isa = PBXBuildFile; fileRef = 53D565B82742F4660090D6D7 /* LaunchScreen.storyboard */; };
		53D565C627443DE20090D6D7 /* MainTableView.swift in Sources */ = {isa = PBXBuildFile; fileRef = 53D565C527443DE20090D6D7 /* MainTableView.swift */; };
		53D565CC2744EE160090D6D7 /* MainVC.swift in Sources */ = {isa = PBXBuildFile; fileRef = 53D565CB2744EE160090D6D7 /* MainVC.swift */; };
		53D565CE2744FA960090D6D7 /* NavigationController.swift in Sources */ = {isa = PBXBuildFile; fileRef = 53D565CD2744FA960090D6D7 /* NavigationController.swift */; };
		53D565D02746ADA00090D6D7 /* Constants.swift in Sources */ = {isa = PBXBuildFile; fileRef = 53D565CF2746ADA00090D6D7 /* Constants.swift */; };
		53D565D22746B8E40090D6D7 /* AddItemVC.swift in Sources */ = {isa = PBXBuildFile; fileRef = 53D565D12746B8E40090D6D7 /* AddItemVC.swift */; };
		53D565D52746DD250090D6D7 /* UIView+Ext.swift in Sources */ = {isa = PBXBuildFile; fileRef = 53D565D42746DD250090D6D7 /* UIView+Ext.swift */; };
		53D565D72746E7440090D6D7 /* CheckCell.swift in Sources */ = {isa = PBXBuildFile; fileRef = 53D565D62746E7440090D6D7 /* CheckCell.swift */; };
		53D565DB274907490090D6D7 /* UITextField+Ext.swift in Sources */ = {isa = PBXBuildFile; fileRef = 53D565DA274907490090D6D7 /* UITextField+Ext.swift */; };
		53D565DD2751385D0090D6D7 /* AddItemFormView.swift in Sources */ = {isa = PBXBuildFile; fileRef = 53D565DC2751385D0090D6D7 /* AddItemFormView.swift */; };
/* End PBXBuildFile section */

/* Begin PBXFileReference section */
		53D565AA2742F4650090D6D7 /* Checklister.app */ = {isa = PBXFileReference; explicitFileType = wrapper.application; includeInIndex = 0; path = Checklister.app; sourceTree = BUILT_PRODUCTS_DIR; };
		53D565AD2742F4650090D6D7 /* AppDelegate.swift */ = {isa = PBXFileReference; lastKnownFileType = sourcecode.swift; path = AppDelegate.swift; sourceTree = "<group>"; };
		53D565AF2742F4650090D6D7 /* SceneDelegate.swift */ = {isa = PBXFileReference; lastKnownFileType = sourcecode.swift; path = SceneDelegate.swift; sourceTree = "<group>"; };
		53D565B62742F4660090D6D7 /* Assets.xcassets */ = {isa = PBXFileReference; lastKnownFileType = folder.assetcatalog; path = Assets.xcassets; sourceTree = "<group>"; };
		53D565B92742F4660090D6D7 /* Base */ = {isa = PBXFileReference; lastKnownFileType = file.storyboard; name = Base; path = Base.lproj/LaunchScreen.storyboard; sourceTree = "<group>"; };
		53D565BB2742F4660090D6D7 /* Info.plist */ = {isa = PBXFileReference; lastKnownFileType = text.plist.xml; path = Info.plist; sourceTree = "<group>"; };
		53D565C527443DE20090D6D7 /* MainTableView.swift */ = {isa = PBXFileReference; lastKnownFileType = sourcecode.swift; path = MainTableView.swift; sourceTree = "<group>"; };
		53D565CB2744EE160090D6D7 /* MainVC.swift */ = {isa = PBXFileReference; lastKnownFileType = sourcecode.swift; path = MainVC.swift; sourceTree = "<group>"; };
		53D565CD2744FA960090D6D7 /* NavigationController.swift */ = {isa = PBXFileReference; lastKnownFileType = sourcecode.swift; path = NavigationController.swift; sourceTree = "<group>"; };
		53D565CF2746ADA00090D6D7 /* Constants.swift */ = {isa = PBXFileReference; lastKnownFileType = sourcecode.swift; path = Constants.swift; sourceTree = "<group>"; };
		53D565D12746B8E40090D6D7 /* AddItemVC.swift */ = {isa = PBXFileReference; lastKnownFileType = sourcecode.swift; path = AddItemVC.swift; sourceTree = "<group>"; };
		53D565D42746DD250090D6D7 /* UIView+Ext.swift */ = {isa = PBXFileReference; lastKnownFileType = sourcecode.swift; path = "UIView+Ext.swift"; sourceTree = "<group>"; };
		53D565D62746E7440090D6D7 /* CheckCell.swift */ = {isa = PBXFileReference; lastKnownFileType = sourcecode.swift; path = CheckCell.swift; sourceTree = "<group>"; };
		53D565DA274907490090D6D7 /* UITextField+Ext.swift */ = {isa = PBXFileReference; lastKnownFileType = sourcecode.swift; path = "UITextField+Ext.swift"; sourceTree = "<group>"; };
		53D565DC2751385D0090D6D7 /* AddItemFormView.swift */ = {isa = PBXFileReference; lastKnownFileType = sourcecode.swift; path = AddItemFormView.swift; sourceTree = "<group>"; };
/* End PBXFileReference section */

/* Begin PBXFrameworksBuildPhase section */
		53D565A72742F4650090D6D7 /* Frameworks */ = {
			isa = PBXFrameworksBuildPhase;
			buildActionMask = 2147483647;
			files = (
			);
			runOnlyForDeploymentPostprocessing = 0;
		};
/* End PBXFrameworksBuildPhase section */

/* Begin PBXGroup section */
		53D565A12742F4650090D6D7 = {
			isa = PBXGroup;
			children = (
				53D565AC2742F4650090D6D7 /* Checklister */,
				53D565AB2742F4650090D6D7 /* Products */,
			);
			sourceTree = "<group>";
		};
		53D565AB2742F4650090D6D7 /* Products */ = {
			isa = PBXGroup;
			children = (
				53D565AA2742F4650090D6D7 /* Checklister.app */,
			);
			name = Products;
			sourceTree = "<group>";
		};
		53D565AC2742F4650090D6D7 /* Checklister */ = {
			isa = PBXGroup;
			children = (
				53D565D32746DADE0090D6D7 /* Extensions+Utilities */,
				53D565C42744241E0090D6D7 /* ViewModel */,
				53D565C32742F7FA0090D6D7 /* Controllers */,
				53D565C22742F6070090D6D7 /* View */,
				53D565C12742F5F90090D6D7 /* Model */,
				53D565AD2742F4650090D6D7 /* AppDelegate.swift */,
				53D565AF2742F4650090D6D7 /* SceneDelegate.swift */,
				53D565B62742F4660090D6D7 /* Assets.xcassets */,
				53D565B82742F4660090D6D7 /* LaunchScreen.storyboard */,
				53D565BB2742F4660090D6D7 /* Info.plist */,
			);
			path = Checklister;
			sourceTree = "<group>";
		};
		53D565C12742F5F90090D6D7 /* Model */ = {
			isa = PBXGroup;
			children = (
			);
			path = Model;
			sourceTree = "<group>";
		};
		53D565C22742F6070090D6D7 /* View */ = {
			isa = PBXGroup;
			children = (
				53D565C527443DE20090D6D7 /* MainTableView.swift */,
				53D565DC2751385D0090D6D7 /* AddItemFormView.swift */,
				53D565D62746E7440090D6D7 /* CheckCell.swift */,
			);
			path = View;
			sourceTree = "<group>";
		};
		53D565C32742F7FA0090D6D7 /* Controllers */ = {
			isa = PBXGroup;
			children = (
				53D565CB2744EE160090D6D7 /* MainVC.swift */,
				53D565CD2744FA960090D6D7 /* NavigationController.swift */,
				53D565D12746B8E40090D6D7 /* AddItemVC.swift */,
			);
			path = Controllers;
			sourceTree = "<group>";
		};
		53D565C42744241E0090D6D7 /* ViewModel */ = {
			isa = PBXGroup;
			children = (
			);
			path = ViewModel;
			sourceTree = "<group>";
		};
		53D565D32746DADE0090D6D7 /* Extensions+Utilities */ = {
			isa = PBXGroup;
			children = (
				53D565CF2746ADA00090D6D7 /* Constants.swift */,
				53D565D42746DD250090D6D7 /* UIView+Ext.swift */,
				53D565DA274907490090D6D7 /* UITextField+Ext.swift */,
			);
			path = "Extensions+Utilities";
			sourceTree = "<group>";
		};
/* End PBXGroup section */

/* Begin PBXNativeTarget section */
		53D565A92742F4650090D6D7 /* Checklister */ = {
			isa = PBXNativeTarget;
			buildConfigurationList = 53D565BE2742F4660090D6D7 /* Build configuration list for PBXNativeTarget "Checklister" */;
			buildPhases = (
				53D565A62742F4650090D6D7 /* Sources */,
				53D565A72742F4650090D6D7 /* Frameworks */,
				53D565A82742F4650090D6D7 /* Resources */,
			);
			buildRules = (
			);
			dependencies = (
			);
			name = Checklister;
			productName = Checklister;
			productReference = 53D565AA2742F4650090D6D7 /* Checklister.app */;
			productType = "com.apple.product-type.application";
		};
/* End PBXNativeTarget section */

/* Begin PBXProject section */
		53D565A22742F4650090D6D7 /* Project object */ = {
			isa = PBXProject;
			attributes = {
				BuildIndependentTargetsInParallel = 1;
				LastSwiftUpdateCheck = 1310;
				LastUpgradeCheck = 1310;
				TargetAttributes = {
					53D565A92742F4650090D6D7 = {
						CreatedOnToolsVersion = 13.1;
					};
				};
			};
			buildConfigurationList = 53D565A52742F4650090D6D7 /* Build configuration list for PBXProject "Checklister" */;
			compatibilityVersion = "Xcode 13.0";
			developmentRegion = en;
			hasScannedForEncodings = 0;
			knownRegions = (
				en,
				Base,
			);
			mainGroup = 53D565A12742F4650090D6D7;
			productRefGroup = 53D565AB2742F4650090D6D7 /* Products */;
			projectDirPath = "";
			projectRoot = "";
			targets = (
				53D565A92742F4650090D6D7 /* Checklister */,
			);
		};
/* End PBXProject section */

/* Begin PBXResourcesBuildPhase section */
		53D565A82742F4650090D6D7 /* Resources */ = {
			isa = PBXResourcesBuildPhase;
			buildActionMask = 2147483647;
			files = (
				53D565BA2742F4660090D6D7 /* LaunchScreen.storyboard in Resources */,
				53D565B72742F4660090D6D7 /* Assets.xcassets in Resources */,
			);
			runOnlyForDeploymentPostprocessing = 0;
		};
/* End PBXResourcesBuildPhase section */

/* Begin PBXSourcesBuildPhase section */
		53D565A62742F4650090D6D7 /* Sources */ = {
			isa = PBXSourcesBuildPhase;
			buildActionMask = 2147483647;
			files = (
				53D565D52746DD250090D6D7 /* UIView+Ext.swift in Sources */,
				53D565DB274907490090D6D7 /* UITextField+Ext.swift in Sources */,
				53D565CC2744EE160090D6D7 /* MainVC.swift in Sources */,
				53D565AE2742F4650090D6D7 /* AppDelegate.swift in Sources */,
				53D565D72746E7440090D6D7 /* CheckCell.swift in Sources */,
				53D565CE2744FA960090D6D7 /* NavigationController.swift in Sources */,
				53D565C627443DE20090D6D7 /* MainTableView.swift in Sources */,
				53D565B02742F4650090D6D7 /* SceneDelegate.swift in Sources */,
				53D565DD2751385D0090D6D7 /* AddItemFormView.swift in Sources */,
				53D565D02746ADA00090D6D7 /* Constants.swift in Sources */,
				53D565D22746B8E40090D6D7 /* AddItemVC.swift in Sources */,
			);
			runOnlyForDeploymentPostprocessing = 0;
		};
/* End PBXSourcesBuildPhase section */

/* Begin PBXVariantGroup section */
		53D565B82742F4660090D6D7 /* LaunchScreen.storyboard */ = {
			isa = PBXVariantGroup;
			children = (
				53D565B92742F4660090D6D7 /* Base */,
			);
			name = LaunchScreen.storyboard;
			sourceTree = "<group>";
		};
/* End PBXVariantGroup section */

/* Begin XCBuildConfiguration section */
		53D565BC2742F4660090D6D7 /* Debug */ = {
			isa = XCBuildConfiguration;
			buildSettings = {
				ALWAYS_SEARCH_USER_PATHS = NO;
				CLANG_ANALYZER_NONNULL = YES;
				CLANG_ANALYZER_NUMBER_OBJECT_CONVERSION = YES_AGGRESSIVE;
				CLANG_CXX_LANGUAGE_STANDARD = "gnu++17";
				CLANG_CXX_LIBRARY = "libc++";
				CLANG_ENABLE_MODULES = YES;
				CLANG_ENABLE_OBJC_ARC = YES;
				CLANG_ENABLE_OBJC_WEAK = YES;
				CLANG_WARN_BLOCK_CAPTURE_AUTORELEASING = YES;
				CLANG_WARN_BOOL_CONVERSION = YES;
				CLANG_WARN_COMMA = YES;
				CLANG_WARN_CONSTANT_CONVERSION = YES;
				CLANG_WARN_DEPRECATED_OBJC_IMPLEMENTATIONS = YES;
				CLANG_WARN_DIRECT_OBJC_ISA_USAGE = YES_ERROR;
				CLANG_WARN_DOCUMENTATION_COMMENTS = YES;
				CLANG_WARN_EMPTY_BODY = YES;
				CLANG_WARN_ENUM_CONVERSION = YES;
				CLANG_WARN_INFINITE_RECURSION = YES;
				CLANG_WARN_INT_CONVERSION = YES;
				CLANG_WARN_NON_LITERAL_NULL_CONVERSION = YES;
				CLANG_WARN_OBJC_IMPLICIT_RETAIN_SELF = YES;
				CLANG_WARN_OBJC_LITERAL_CONVERSION = YES;
				CLANG_WARN_OBJC_ROOT_CLASS = YES_ERROR;
				CLANG_WARN_QUOTED_INCLUDE_IN_FRAMEWORK_HEADER = YES;
				CLANG_WARN_RANGE_LOOP_ANALYSIS = YES;
				CLANG_WARN_STRICT_PROTOTYPES = YES;
				CLANG_WARN_SUSPICIOUS_MOVE = YES;
				CLANG_WARN_UNGUARDED_AVAILABILITY = YES_AGGRESSIVE;
				CLANG_WARN_UNREACHABLE_CODE = YES;
				CLANG_WARN__DUPLICATE_METHOD_MATCH = YES;
				COPY_PHASE_STRIP = NO;
				DEBUG_INFORMATION_FORMAT = dwarf;
				ENABLE_STRICT_OBJC_MSGSEND = YES;
				ENABLE_TESTABILITY = YES;
				GCC_C_LANGUAGE_STANDARD = gnu11;
				GCC_DYNAMIC_NO_PIC = NO;
				GCC_NO_COMMON_BLOCKS = YES;
				GCC_OPTIMIZATION_LEVEL = 0;
				GCC_PREPROCESSOR_DEFINITIONS = (
					"DEBUG=1",
					"$(inherited)",
				);
				GCC_WARN_64_TO_32_BIT_CONVERSION = YES;
				GCC_WARN_ABOUT_RETURN_TYPE = YES_ERROR;
				GCC_WARN_UNDECLARED_SELECTOR = YES;
				GCC_WARN_UNINITIALIZED_AUTOS = YES_AGGRESSIVE;
				GCC_WARN_UNUSED_FUNCTION = YES;
				GCC_WARN_UNUSED_VARIABLE = YES;
				IPHONEOS_DEPLOYMENT_TARGET = 15.0;
				MTL_ENABLE_DEBUG_INFO = INCLUDE_SOURCE;
				MTL_FAST_MATH = YES;
				ONLY_ACTIVE_ARCH = YES;
				SDKROOT = iphoneos;
				SWIFT_ACTIVE_COMPILATION_CONDITIONS = DEBUG;
				SWIFT_OPTIMIZATION_LEVEL = "-Onone";
			};
			name = Debug;
		};
		53D565BD2742F4660090D6D7 /* Release */ = {
			isa = XCBuildConfiguration;
			buildSettings = {
				ALWAYS_SEARCH_USER_PATHS = NO;
				CLANG_ANALYZER_NONNULL = YES;
				CLANG_ANALYZER_NUMBER_OBJECT_CONVERSION = YES_AGGRESSIVE;
				CLANG_CXX_LANGUAGE_STANDARD = "gnu++17";
				CLANG_CXX_LIBRARY = "libc++";
				CLANG_ENABLE_MODULES = YES;
				CLANG_ENABLE_OBJC_ARC = YES;
				CLANG_ENABLE_OBJC_WEAK = YES;
				CLANG_WARN_BLOCK_CAPTURE_AUTORELEASING = YES;
				CLANG_WARN_BOOL_CONVERSION = YES;
				CLANG_WARN_COMMA = YES;
				CLANG_WARN_CONSTANT_CONVERSION = YES;
				CLANG_WARN_DEPRECATED_OBJC_IMPLEMENTATIONS = YES;
				CLANG_WARN_DIRECT_OBJC_ISA_USAGE = YES_ERROR;
				CLANG_WARN_DOCUMENTATION_COMMENTS = YES;
				CLANG_WARN_EMPTY_BODY = YES;
				CLANG_WARN_ENUM_CONVERSION = YES;
				CLANG_WARN_INFINITE_RECURSION = YES;
				CLANG_WARN_INT_CONVERSION = YES;
				CLANG_WARN_NON_LITERAL_NULL_CONVERSION = YES;
				CLANG_WARN_OBJC_IMPLICIT_RETAIN_SELF = YES;
				CLANG_WARN_OBJC_LITERAL_CONVERSION = YES;
				CLANG_WARN_OBJC_ROOT_CLASS = YES_ERROR;
				CLANG_WARN_QUOTED_INCLUDE_IN_FRAMEWORK_HEADER = YES;
				CLANG_WARN_RANGE_LOOP_ANALYSIS = YES;
				CLANG_WARN_STRICT_PROTOTYPES = YES;
				CLANG_WARN_SUSPICIOUS_MOVE = YES;
				CLANG_WARN_UNGUARDED_AVAILABILITY = YES_AGGRESSIVE;
				CLANG_WARN_UNREACHABLE_CODE = YES;
				CLANG_WARN__DUPLICATE_METHOD_MATCH = YES;
				COPY_PHASE_STRIP = NO;
				DEBUG_INFORMATION_FORMAT = "dwarf-with-dsym";
				ENABLE_NS_ASSERTIONS = NO;
				ENABLE_STRICT_OBJC_MSGSEND = YES;
				GCC_C_LANGUAGE_STANDARD = gnu11;
				GCC_NO_COMMON_BLOCKS = YES;
				GCC_WARN_64_TO_32_BIT_CONVERSION = YES;
				GCC_WARN_ABOUT_RETURN_TYPE = YES_ERROR;
				GCC_WARN_UNDECLARED_SELECTOR = YES;
				GCC_WARN_UNINITIALIZED_AUTOS = YES_AGGRESSIVE;
				GCC_WARN_UNUSED_FUNCTION = YES;
				GCC_WARN_UNUSED_VARIABLE = YES;
				IPHONEOS_DEPLOYMENT_TARGET = 15.0;
				MTL_ENABLE_DEBUG_INFO = NO;
				MTL_FAST_MATH = YES;
				SDKROOT = iphoneos;
				SWIFT_COMPILATION_MODE = wholemodule;
				SWIFT_OPTIMIZATION_LEVEL = "-O";
				VALIDATE_PRODUCT = YES;
			};
			name = Release;
		};
		53D565BF2742F4660090D6D7 /* Debug */ = {
			isa = XCBuildConfiguration;
			buildSettings = {
				ASSETCATALOG_COMPILER_APPICON_NAME = AppIcon;
				ASSETCATALOG_COMPILER_GLOBAL_ACCENT_COLOR_NAME = AccentColor;
				CODE_SIGN_STYLE = Automatic;
				CURRENT_PROJECT_VERSION = 1;
				DEVELOPMENT_TEAM = R436N2958G;
				GENERATE_INFOPLIST_FILE = YES;
				INFOPLIST_FILE = Checklister/Info.plist;
				INFOPLIST_KEY_UIApplicationSupportsIndirectInputEvents = YES;
				INFOPLIST_KEY_UILaunchStoryboardName = LaunchScreen;
				INFOPLIST_KEY_UISupportedInterfaceOrientations_iPad = "UIInterfaceOrientationPortrait UIInterfaceOrientationPortraitUpsideDown UIInterfaceOrientationLandscapeLeft UIInterfaceOrientationLandscapeRight";
				INFOPLIST_KEY_UISupportedInterfaceOrientations_iPhone = "UIInterfaceOrientationPortrait UIInterfaceOrientationLandscapeLeft UIInterfaceOrientationLandscapeRight";
				LD_RUNPATH_SEARCH_PATHS = (
					"$(inherited)",
					"@executable_path/Frameworks",
				);
				MARKETING_VERSION = 1.0;
				PRODUCT_BUNDLE_IDENTIFIER = com.eimKlimas.Checklister;
				PRODUCT_NAME = "$(TARGET_NAME)";
				SWIFT_EMIT_LOC_STRINGS = YES;
				SWIFT_VERSION = 5.0;
				TARGETED_DEVICE_FAMILY = "1,2";
			};
			name = Debug;
		};
		53D565C02742F4660090D6D7 /* Release */ = {
			isa = XCBuildConfiguration;
			buildSettings = {
				ASSETCATALOG_COMPILER_APPICON_NAME = AppIcon;
				ASSETCATALOG_COMPILER_GLOBAL_ACCENT_COLOR_NAME = AccentColor;
				CODE_SIGN_STYLE = Automatic;
				CURRENT_PROJECT_VERSION = 1;
				DEVELOPMENT_TEAM = R436N2958G;
				GENERATE_INFOPLIST_FILE = YES;
				INFOPLIST_FILE = Checklister/Info.plist;
				INFOPLIST_KEY_UIApplicationSupportsIndirectInputEvents = YES;
				INFOPLIST_KEY_UILaunchStoryboardName = LaunchScreen;
				INFOPLIST_KEY_UISupportedInterfaceOrientations_iPad = "UIInterfaceOrientationPortrait UIInterfaceOrientationPortraitUpsideDown UIInterfaceOrientationLandscapeLeft UIInterfaceOrientationLandscapeRight";
				INFOPLIST_KEY_UISupportedInterfaceOrientations_iPhone = "UIInterfaceOrientationPortrait UIInterfaceOrientationLandscapeLeft UIInterfaceOrientationLandscapeRight";
				LD_RUNPATH_SEARCH_PATHS = (
					"$(inherited)",
					"@executable_path/Frameworks",
				);
				MARKETING_VERSION = 1.0;
				PRODUCT_BUNDLE_IDENTIFIER = com.eimKlimas.Checklister;
				PRODUCT_NAME = "$(TARGET_NAME)";
				SWIFT_EMIT_LOC_STRINGS = YES;
				SWIFT_VERSION = 5.0;
				TARGETED_DEVICE_FAMILY = "1,2";
			};
			name = Release;
		};
/* End XCBuildConfiguration section */

/* Begin XCConfigurationList section */
		53D565A52742F4650090D6D7 /* Build configuration list for PBXProject "Checklister" */ = {
			isa = XCConfigurationList;
			buildConfigurations = (
				53D565BC2742F4660090D6D7 /* Debug */,
				53D565BD2742F4660090D6D7 /* Release */,
			);
			defaultConfigurationIsVisible = 0;
			defaultConfigurationName = Release;
		};
		53D565BE2742F4660090D6D7 /* Build configuration list for PBXNativeTarget "Checklister" */ = {
			isa = XCConfigurationList;
			buildConfigurations = (
				53D565BF2742F4660090D6D7 /* Debug */,
				53D565C02742F4660090D6D7 /* Release */,
			);
			defaultConfigurationIsVisible = 0;
			defaultConfigurationName = Release;
		};
/* End XCConfigurationList section */
	};
	rootObject = 53D565A22742F4650090D6D7 /* Project object */;
}
